
Microsoft Visual Studio Solution File, Format Version 12.00
# Visual Studio 15
VisualStudioVersion = 15.0.28010.2019
MinimumVisualStudioVersion = 10.0.40219.1
Project("{FAE04EC0-301F-11D3-BF4B-00C04F79EFBC}") = "quartz-test", "quartz-test\quartz-test.csproj", "{E6315BFA-37E5-41FB-972D-9CE38D585803}"
EndProject
Global
	GlobalSection(SolutionConfigurationPlatforms) = preSolution
		Debug|Any CPU = Debug|Any CPU
		Release|Any CPU = Release|Any CPU
	EndGlobalSection
	GlobalSection(ProjectConfigurationPlatforms) = postSolution
		{E6315BFA-37E5-41FB-972D-9CE38D585803}.Debug|Any CPU.ActiveCfg = Debug|Any CPU
		{E6315BFA-37E5-41FB-972D-9CE38D585803}.Debug|Any CPU.Build.0 = Debug|Any CPU
		{E6315BFA-37E5-41FB-972D-9CE38D585803}.Release|Any CPU.ActiveCfg = Release|Any CPU
		{E6315BFA-37E5-41FB-972D-9CE38D585803}.Release|Any CPU.Build.0 = Release|Any CPU
	EndGlobalSection
	GlobalSection(SolutionProperties) = preSolution
		HideSolutionNode = FALSE
	EndGlobalSection
	GlobalSection(ExtensibilityGlobals) = postSolution
		SolutionGuid = {CD08F1DE-E294-4FBF-9438-62478BFCC709}
	EndGlobalSection
EndGlobal
